// !$*UTF8*$!
{
	archiveVersion = 1;
	classes = {
	};
	objectVersion = 48;
	objects = {

/* Begin PBXBuildFile section */
		56186A0720D8D55B000EFBDC /* react_native_AppAlter.m in Sources */ = {isa = PBXBuildFile; fileRef = 56186A0620D8D55B000EFBDC /* react_native_AppAlter.m */; };
		56186A0820D8D55B000EFBDC /* react_native_AppAlter.h in CopyFiles */ = {isa = PBXBuildFile; fileRef = 56186A0520D8D55B000EFBDC /* react_native_AppAlter.h */; };
		56186A1C20D9E9F6000EFBDC /* AppAlert.m in Sources */ = {isa = PBXBuildFile; fileRef = 56186A1B20D9E9F6000EFBDC /* AppAlert.m */; };
/* End PBXBuildFile section */

/* Begin PBXCopyFilesBuildPhase section */
		56186A0020D8D55B000EFBDC /* CopyFiles */ = {
			isa = PBXCopyFilesBuildPhase;
			buildActionMask = 2147483647;
			dstPath = "include/$(PRODUCT_NAME)";
			dstSubfolderSpec = 16;
			files = (
				56186A0820D8D55B000EFBDC /* react_native_AppAlter.h in CopyFiles */,
			);
			runOnlyForDeploymentPostprocessing = 0;
		};
/* End PBXCopyFilesBuildPhase section */

/* Begin PBXFileReference section */
		56186A0220D8D55B000EFBDC /* libreact-native-AppAlter.a */ = {isa = PBXFileReference; explicitFileType = archive.ar; includeInIndex = 0; path = "libreact-native-AppAlter.a"; sourceTree = BUILT_PRODUCTS_DIR; };
		56186A0520D8D55B000EFBDC /* react_native_AppAlter.h */ = {isa = PBXFileReference; lastKnownFileType = sourcecode.c.h; path = react_native_AppAlter.h; sourceTree = "<group>"; };
		56186A0620D8D55B000EFBDC /* react_native_AppAlter.m */ = {isa = PBXFileReference; lastKnownFileType = sourcecode.c.objc; path = react_native_AppAlter.m; sourceTree = "<group>"; };
		56186A1A20D9E9F6000EFBDC /* AppAlert.h */ = {isa = PBXFileReference; fileEncoding = 4; lastKnownFileType = sourcecode.c.h; path = AppAlert.h; sourceTree = "<group>"; };
		56186A1B20D9E9F6000EFBDC /* AppAlert.m */ = {isa = PBXFileReference; fileEncoding = 4; lastKnownFileType = sourcecode.c.objc; path = AppAlert.m; sourceTree = "<group>"; };
/* End PBXFileReference section */

/* Begin PBXFrameworksBuildPhase section */
		561869FF20D8D55B000EFBDC /* Frameworks */ = {
			isa = PBXFrameworksBuildPhase;
			buildActionMask = 2147483647;
			files = (
			);
			runOnlyForDeploymentPostprocessing = 0;
		};
/* End PBXFrameworksBuildPhase section */

/* Begin PBXGroup section */
		561869F920D8D55B000EFBDC = {
			isa = PBXGroup;
			children = (
				56186A0420D8D55B000EFBDC /* react-native-AppAlter */,
				56186A0320D8D55B000EFBDC /* Products */,
			);
			sourceTree = "<group>";
		};
		56186A0320D8D55B000EFBDC /* Products */ = {
			isa = PBXGroup;
			children = (
				56186A0220D8D55B000EFBDC /* libreact-native-AppAlter.a */,
			);
			name = Products;
			sourceTree = "<group>";
		};
		56186A0420D8D55B000EFBDC /* react-native-AppAlter */ = {
			isa = PBXGroup;
			children = (
				56186A0520D8D55B000EFBDC /* react_native_AppAlter.h */,
				56186A0620D8D55B000EFBDC /* react_native_AppAlter.m */,
				56186A1A20D9E9F6000EFBDC /* AppAlert.h */,
				56186A1B20D9E9F6000EFBDC /* AppAlert.m */,
			);
			path = "react-native-AppAlter";
			sourceTree = "<group>";
		};
/* End PBXGroup section */

/* Begin PBXNativeTarget section */
		56186A0120D8D55B000EFBDC /* react-native-AppAlter */ = {
			isa = PBXNativeTarget;
			buildConfigurationList = 56186A0B20D8D55B000EFBDC /* Build configuration list for PBXNativeTarget "react-native-AppAlter" */;
			buildPhases = (
				561869FE20D8D55B000EFBDC /* Sources */,
				561869FF20D8D55B000EFBDC /* Frameworks */,
				56186A0020D8D55B000EFBDC /* CopyFiles */,
			);
			buildRules = (
			);
			dependencies = (
			);
			name = "react-native-AppAlter";
			productName = "react-native-AppAlter";
			productReference = 56186A0220D8D55B000EFBDC /* libreact-native-AppAlter.a */;
			productType = "com.apple.product-type.library.static";
		};
/* End PBXNativeTarget section */

/* Begin PBXProject section */
		561869FA20D8D55B000EFBDC /* Project object */ = {
			isa = PBXProject;
			attributes = {
				LastUpgradeCheck = 0910;
				ORGANIZATIONNAME = longfeng;
				TargetAttributes = {
					56186A0120D8D55B000EFBDC = {
						CreatedOnToolsVersion = 9.1;
						ProvisioningStyle = Automatic;
					};
				};
			};
			buildConfigurationList = 561869FD20D8D55B000EFBDC /* Build configuration list for PBXProject "react-native-AppAlter" */;
			compatibilityVersion = "Xcode 8.0";
			developmentRegion = en;
			hasScannedForEncodings = 0;
			knownRegions = (
				en,
			);
			mainGroup = 561869F920D8D55B000EFBDC;
			productRefGroup = 56186A0320D8D55B000EFBDC /* Products */;
			projectDirPath = "";
			projectRoot = "";
			targets = (
				56186A0120D8D55B000EFBDC /* react-native-AppAlter */,
			);
		};
/* End PBXProject section */

/* Begin PBXSourcesBuildPhase section */
		561869FE20D8D55B000EFBDC /* Sources */ = {
			isa = PBXSourcesBuildPhase;
			buildActionMask = 2147483647;
			files = (
				56186A1C20D9E9F6000EFBDC /* AppAlert.m in Sources */,
				56186A0720D8D55B000EFBDC /* react_native_AppAlter.m in Sources */,
			);
			runOnlyForDeploymentPostprocessing = 0;
		};
/* End PBXSourcesBuildPhase section */

/* Begin XCBuildConfiguration section */
		56186A0920D8D55B000EFBDC /* Debug */ = {
			isa = XCBuildConfiguration;
			buildSettings = {
				ALWAYS_SEARCH_USER_PATHS = NO;
				CLANG_ANALYZER_NONNULL = YES;
				CLANG_ANALYZER_NUMBER_OBJECT_CONVERSION = YES_AGGRESSIVE;
				CLANG_CXX_LANGUAGE_STANDARD = "gnu++14";
				CLANG_CXX_LIBRARY = "libc++";
				CLANG_ENABLE_MODULES = YES;
				CLANG_ENABLE_OBJC_ARC = YES;
				CLANG_WARN_BLOCK_CAPTURE_AUTORELEASING = YES;
				CLANG_WARN_BOOL_CONVERSION = YES;
				CLANG_WARN_COMMA = YES;
				CLANG_WARN_CONSTANT_CONVERSION = YES;
				CLANG_WARN_DIRECT_OBJC_ISA_USAGE = YES_ERROR;
				CLANG_WARN_DOCUMENTATION_COMMENTS = YES;
				CLANG_WARN_EMPTY_BODY = YES;
				CLANG_WARN_ENUM_CONVERSION = YES;
				CLANG_WARN_INFINITE_RECURSION = YES;
				CLANG_WARN_INT_CONVERSION = YES;
				CLANG_WARN_NON_LITERAL_NULL_CONVERSION = YES;
				CLANG_WARN_OBJC_LITERAL_CONVERSION = YES;
				CLANG_WARN_OBJC_ROOT_CLASS = YES_ERROR;
				CLANG_WARN_RANGE_LOOP_ANALYSIS = YES;
				CLANG_WARN_STRICT_PROTOTYPES = YES;
				CLANG_WARN_SUSPICIOUS_MOVE = YES;
				CLANG_WARN_UNGUARDED_AVAILABILITY = YES_AGGRESSIVE;
				CLANG_WARN_UNREACHABLE_CODE = YES;
				CLANG_WARN__DUPLICATE_METHOD_MATCH = YES;
				CODE_SIGN_IDENTITY = "iPhone Developer";
				COPY_PHASE_STRIP = NO;
				DEBUG_INFORMATION_FORMAT = dwarf;
				ENABLE_STRICT_OBJC_MSGSEND = YES;
				ENABLE_TESTABILITY = YES;
				GCC_C_LANGUAGE_STANDARD = gnu11;
				GCC_DYNAMIC_NO_PIC = NO;
				GCC_NO_COMMON_BLOCKS = YES;
				GCC_OPTIMIZATION_LEVEL = 0;
				GCC_PREPROCESSOR_DEFINITIONS = (
					"DEBUG=1",
					"$(inherited)",
				);
				GCC_WARN_64_TO_32_BIT_CONVERSION = YES;
				GCC_WARN_ABOUT_RETURN_TYPE = YES_ERROR;
				GCC_WARN_UNDECLARED_SELECTOR = YES;
				GCC_WARN_UNINITIALIZED_AUTOS = YES_AGGRESSIVE;
				GCC_WARN_UNUSED_FUNCTION = YES;
				GCC_WARN_UNUSED_VARIABLE = YES;
				IPHONEOS_DEPLOYMENT_TARGET = 8.0;
				MTL_ENABLE_DEBUG_INFO = YES;
				ONLY_ACTIVE_ARCH = YES;
				SDKROOT = iphoneos;
			};
			name = Debug;
		};
		56186A0A20D8D55B000EFBDC /* Release */ = {
			isa = XCBuildConfiguration;
			buildSettings = {
				ALWAYS_SEARCH_USER_PATHS = NO;
				CLANG_ANALYZER_NONNULL = YES;
				CLANG_ANALYZER_NUMBER_OBJECT_CONVERSION = YES_AGGRESSIVE;
				CLANG_CXX_LANGUAGE_STANDARD = "gnu++14";
				CLANG_CXX_LIBRARY = "libc++";
				CLANG_ENABLE_MODULES = YES;
				CLANG_ENABLE_OBJC_ARC = YES;
				CLANG_WARN_BLOCK_CAPTURE_AUTORELEASING = YES;
				CLANG_WARN_BOOL_CONVERSION = YES;
				CLANG_WARN_COMMA = YES;
				CLANG_WARN_CONSTANT_CONVERSION = YES;
				CLANG_WARN_DIRECT_OBJC_ISA_USAGE = YES_ERROR;
				CLANG_WARN_DOCUMENTATION_COMMENTS = YES;
				CLANG_WARN_EMPTY_BODY = YES;
				CLANG_WARN_ENUM_CONVERSION = YES;
				CLANG_WARN_INFINITE_RECURSION = YES;
				CLANG_WARN_INT_CONVERSION = YES;
				CLANG_WARN_NON_LITERAL_NULL_CONVERSION = YES;
				CLANG_WARN_OBJC_LITERAL_CONVERSION = YES;
				CLANG_WARN_OBJC_ROOT_CLASS = YES_ERROR;
				CLANG_WARN_RANGE_LOOP_ANALYSIS = YES;
				CLANG_WARN_STRICT_PROTOTYPES = YES;
				CLANG_WARN_SUSPICIOUS_MOVE = YES;
				CLANG_WARN_UNGUARDED_AVAILABILITY = YES_AGGRESSIVE;
				CLANG_WARN_UNREACHABLE_CODE = YES;
				CLANG_WARN__DUPLICATE_METHOD_MATCH = YES;
				CODE_SIGN_IDENTITY = "iPhone Developer";
				COPY_PHASE_STRIP = NO;
				DEBUG_INFORMATION_FORMAT = "dwarf-with-dsym";
				ENABLE_NS_ASSERTIONS = NO;
				ENABLE_STRICT_OBJC_MSGSEND = YES;
				GCC_C_LANGUAGE_STANDARD = gnu11;
				GCC_NO_COMMON_BLOCKS = YES;
				GCC_WARN_64_TO_32_BIT_CONVERSION = YES;
				GCC_WARN_ABOUT_RETURN_TYPE = YES_ERROR;
				GCC_WARN_UNDECLARED_SELECTOR = YES;
				GCC_WARN_UNINITIALIZED_AUTOS = YES_AGGRESSIVE;
				GCC_WARN_UNUSED_FUNCTION = YES;
				GCC_WARN_UNUSED_VARIABLE = YES;
				IPHONEOS_DEPLOYMENT_TARGET = 8.0;
				MTL_ENABLE_DEBUG_INFO = NO;
				SDKROOT = iphoneos;
				VALIDATE_PRODUCT = YES;
			};
			name = Release;
		};
		56186A0C20D8D55B000EFBDC /* Debug */ = {
			isa = XCBuildConfiguration;
			buildSettings = {
				CODE_SIGN_STYLE = Automatic;
				HEADER_SEARCH_PATHS = (
					"$(SRCROOT)/../../../ios/Pods/SVProgressHUD/SVProgressHUD",
					"$(SRCROOT)/../../react-native/React/**",
					"$(SRCROOT)/../../../ios/Pods/MBProgressHUD",
				);
				OTHER_LDFLAGS = "-ObjC";
				PRODUCT_NAME = "$(TARGET_NAME)";
				SKIP_INSTALL = YES;
				TARGETED_DEVICE_FAMILY = "1,2";
			};
			name = Debug;
		};
		56186A0D20D8D55B000EFBDC /* Release */ = {
			isa = XCBuildConfiguration;
			buildSettings = {
				CODE_SIGN_STYLE = Automatic;
				HEADER_SEARCH_PATHS = (
					"$(SRCROOT)/../../../ios/Pods/SVProgressHUD/SVProgressHUD",
					"$(SRCROOT)/../../react-native/React/**",
					"$(SRCROOT)/../../../ios/Pods/MBProgressHUD",
				);
				OTHER_LDFLAGS = "-ObjC";
				PRODUCT_NAME = "$(TARGET_NAME)";
				SKIP_INSTALL = YES;
				TARGETED_DEVICE_FAMILY = "1,2";
			};
			name = Release;
		};
/* End XCBuildConfiguration section */

/* Begin XCConfigurationList section */
		561869FD20D8D55B000EFBDC /* Build configuration list for PBXProject "react-native-AppAlter" */ = {
			isa = XCConfigurationList;
			buildConfigurations = (
				56186A0920D8D55B000EFBDC /* Debug */,
				56186A0A20D8D55B000EFBDC /* Release */,
			);
			defaultConfigurationIsVisible = 0;
			defaultConfigurationName = Release;
		};
		56186A0B20D8D55B000EFBDC /* Build configuration list for PBXNativeTarget "react-native-AppAlter" */ = {
			isa = XCConfigurationList;
			buildConfigurations = (
				56186A0C20D8D55B000EFBDC /* Debug */,
				56186A0D20D8D55B000EFBDC /* Release */,
			);
			defaultConfigurationIsVisible = 0;
			defaultConfigurationName = Release;
		};
/* End XCConfigurationList section */
	};
	rootObject = 561869FA20D8D55B000EFBDC /* Project object */;
}
